
Microsoft Visual Studio Solution File, Format Version 12.00
# Visual Studio Version 16
VisualStudioVersion = 16.0.30209.143
MinimumVisualStudioVersion = 10.0.40219.1
Project("{FAE04EC0-301F-11D3-BF4B-00C04F79EFBC}") = "ConsoleApp3", "ConsoleApp3\ConsoleApp3.csproj", "{34EBB35C-C7EE-41C6-8CEE-EB1C0BE22648}"
EndProject
Global
	GlobalSection(SolutionConfigurationPlatforms) = preSolution
		Debug|Any CPU = Debug|Any CPU
		Release|Any CPU = Release|Any CPU
	EndGlobalSection
	GlobalSection(ProjectConfigurationPlatforms) = postSolution
		{34EBB35C-C7EE-41C6-8CEE-EB1C0BE22648}.Debug|Any CPU.ActiveCfg = Debug|Any CPU
		{34EBB35C-C7EE-41C6-8CEE-EB1C0BE22648}.Debug|Any CPU.Build.0 = Debug|Any CPU
		{34EBB35C-C7EE-41C6-8CEE-EB1C0BE22648}.Release|Any CPU.ActiveCfg = Release|Any CPU
		{34EBB35C-C7EE-41C6-8CEE-EB1C0BE22648}.Release|Any CPU.Build.0 = Release|Any CPU
	EndGlobalSection
	GlobalSection(SolutionProperties) = preSolution
		HideSolutionNode = FALSE
	EndGlobalSection
	GlobalSection(ExtensibilityGlobals) = postSolution
		SolutionGuid = {1D87A59D-B760-4B61-9CFD-AE3D3DBD1A88}
	EndGlobalSection
EndGlobal
